// !$*UTF8*$!
{
	archiveVersion = 1;
	classes = {
	};
	objectVersion = 50;
	objects = {

/* Begin PBXBuildFile section */
		9D3360C1239D3BC7004A8876 /* LLDBTestViewController.m in Sources */ = {isa = PBXBuildFile; fileRef = 9D3360C0239D3BC7004A8876 /* LLDBTestViewController.m */; };
		9D5B7BA9239E3BCB001469EB /* LLDBViewController.m in Sources */ = {isa = PBXBuildFile; fileRef = 9D5B7BA8239E3BCB001469EB /* LLDBViewController.m */; };
		9D5B7BAC239E4EB9001469EB /* MMPersonModel.m in Sources */ = {isa = PBXBuildFile; fileRef = 9D5B7BAB239E4EB9001469EB /* MMPersonModel.m */; };
		9D60245F23980021004798FF /* AppDelegate.m in Sources */ = {isa = PBXBuildFile; fileRef = 9D60245E23980021004798FF /* AppDelegate.m */; };
		9D60246223980021004798FF /* SceneDelegate.m in Sources */ = {isa = PBXBuildFile; fileRef = 9D60246123980021004798FF /* SceneDelegate.m */; };
		9D60246523980021004798FF /* ViewController.m in Sources */ = {isa = PBXBuildFile; fileRef = 9D60246423980021004798FF /* ViewController.m */; };
		9D60246823980021004798FF /* Main.storyboard in Resources */ = {isa = PBXBuildFile; fileRef = 9D60246623980021004798FF /* Main.storyboard */; };
		9D60246A23980023004798FF /* Assets.xcassets in Resources */ = {isa = PBXBuildFile; fileRef = 9D60246923980023004798FF /* Assets.xcassets */; };
		9D60246D23980023004798FF /* LaunchScreen.storyboard in Resources */ = {isa = PBXBuildFile; fileRef = 9D60246B23980023004798FF /* LaunchScreen.storyboard */; };
		9D60247023980023004798FF /* main.m in Sources */ = {isa = PBXBuildFile; fileRef = 9D60246F23980023004798FF /* main.m */; };
/* End PBXBuildFile section */

/* Begin PBXFileReference section */
		9D3360BF239D3BC7004A8876 /* LLDBTestViewController.h */ = {isa = PBXFileReference; lastKnownFileType = sourcecode.c.h; path = LLDBTestViewController.h; sourceTree = "<group>"; };
		9D3360C0239D3BC7004A8876 /* LLDBTestViewController.m */ = {isa = PBXFileReference; lastKnownFileType = sourcecode.c.objc; path = LLDBTestViewController.m; sourceTree = "<group>"; };
		9D5B7BA7239E3BCB001469EB /* LLDBViewController.h */ = {isa = PBXFileReference; lastKnownFileType = sourcecode.c.h; path = LLDBViewController.h; sourceTree = "<group>"; };
		9D5B7BA8239E3BCB001469EB /* LLDBViewController.m */ = {isa = PBXFileReference; lastKnownFileType = sourcecode.c.objc; path = LLDBViewController.m; sourceTree = "<group>"; };
		9D5B7BAA239E4EB9001469EB /* MMPersonModel.h */ = {isa = PBXFileReference; lastKnownFileType = sourcecode.c.h; path = MMPersonModel.h; sourceTree = "<group>"; };
		9D5B7BAB239E4EB9001469EB /* MMPersonModel.m */ = {isa = PBXFileReference; lastKnownFileType = sourcecode.c.objc; path = MMPersonModel.m; sourceTree = "<group>"; };
		9D60245A23980021004798FF /* TestDemo.app */ = {isa = PBXFileReference; explicitFileType = wrapper.application; includeInIndex = 0; path = TestDemo.app; sourceTree = BUILT_PRODUCTS_DIR; };
		9D60245D23980021004798FF /* AppDelegate.h */ = {isa = PBXFileReference; lastKnownFileType = sourcecode.c.h; path = AppDelegate.h; sourceTree = "<group>"; };
		9D60245E23980021004798FF /* AppDelegate.m */ = {isa = PBXFileReference; lastKnownFileType = sourcecode.c.objc; path = AppDelegate.m; sourceTree = "<group>"; };
		9D60246023980021004798FF /* SceneDelegate.h */ = {isa = PBXFileReference; lastKnownFileType = sourcecode.c.h; path = SceneDelegate.h; sourceTree = "<group>"; };
		9D60246123980021004798FF /* SceneDelegate.m */ = {isa = PBXFileReference; lastKnownFileType = sourcecode.c.objc; path = SceneDelegate.m; sourceTree = "<group>"; };
		9D60246323980021004798FF /* ViewController.h */ = {isa = PBXFileReference; lastKnownFileType = sourcecode.c.h; path = ViewController.h; sourceTree = "<group>"; };
		9D60246423980021004798FF /* ViewController.m */ = {isa = PBXFileReference; lastKnownFileType = sourcecode.c.objc; path = ViewController.m; sourceTree = "<group>"; };
		9D60246723980021004798FF /* Base */ = {isa = PBXFileReference; lastKnownFileType = file.storyboard; name = Base; path = Base.lproj/Main.storyboard; sourceTree = "<group>"; };
		9D60246923980023004798FF /* Assets.xcassets */ = {isa = PBXFileReference; lastKnownFileType = folder.assetcatalog; path = Assets.xcassets; sourceTree = "<group>"; };
		9D60246C23980023004798FF /* Base */ = {isa = PBXFileReference; lastKnownFileType = file.storyboard; name = Base; path = Base.lproj/LaunchScreen.storyboard; sourceTree = "<group>"; };
		9D60246E23980023004798FF /* Info.plist */ = {isa = PBXFileReference; lastKnownFileType = text.plist.xml; path = Info.plist; sourceTree = "<group>"; };
		9D60246F23980023004798FF /* main.m */ = {isa = PBXFileReference; lastKnownFileType = sourcecode.c.objc; path = main.m; sourceTree = "<group>"; };
/* End PBXFileReference section */

/* Begin PBXFrameworksBuildPhase section */
		9D60245723980021004798FF /* Frameworks */ = {
			isa = PBXFrameworksBuildPhase;
			buildActionMask = 2147483647;
			files = (
			);
			runOnlyForDeploymentPostprocessing = 0;
		};
/* End PBXFrameworksBuildPhase section */

/* Begin PBXGroup section */
		9D60245123980021004798FF = {
			isa = PBXGroup;
			children = (
				9D60245C23980021004798FF /* TestDemo */,
				9D60245B23980021004798FF /* Products */,
			);
			sourceTree = "<group>";
		};
		9D60245B23980021004798FF /* Products */ = {
			isa = PBXGroup;
			children = (
				9D60245A23980021004798FF /* TestDemo.app */,
			);
			name = Products;
			sourceTree = "<group>";
		};
		9D60245C23980021004798FF /* TestDemo */ = {
			isa = PBXGroup;
			children = (
				9D60245D23980021004798FF /* AppDelegate.h */,
				9D60245E23980021004798FF /* AppDelegate.m */,
				9D60246023980021004798FF /* SceneDelegate.h */,
				9D60246123980021004798FF /* SceneDelegate.m */,
				9D60246323980021004798FF /* ViewController.h */,
				9D60246423980021004798FF /* ViewController.m */,
				9D3360BF239D3BC7004A8876 /* LLDBTestViewController.h */,
				9D3360C0239D3BC7004A8876 /* LLDBTestViewController.m */,
				9D5B7BA7239E3BCB001469EB /* LLDBViewController.h */,
				9D5B7BA8239E3BCB001469EB /* LLDBViewController.m */,
				9D5B7BAA239E4EB9001469EB /* MMPersonModel.h */,
				9D5B7BAB239E4EB9001469EB /* MMPersonModel.m */,
				9D60246623980021004798FF /* Main.storyboard */,
				9D60246923980023004798FF /* Assets.xcassets */,
				9D60246B23980023004798FF /* LaunchScreen.storyboard */,
				9D60246E23980023004798FF /* Info.plist */,
				9D60246F23980023004798FF /* main.m */,
			);
			path = TestDemo;
			sourceTree = "<group>";
		};
/* End PBXGroup section */

/* Begin PBXNativeTarget section */
		9D60245923980021004798FF /* TestDemo */ = {
			isa = PBXNativeTarget;
			buildConfigurationList = 9D60247323980023004798FF /* Build configuration list for PBXNativeTarget "TestDemo" */;
			buildPhases = (
				9D60245623980021004798FF /* Sources */,
				9D60245723980021004798FF /* Frameworks */,
				9D60245823980021004798FF /* Resources */,
			);
			buildRules = (
			);
			dependencies = (
			);
			name = TestDemo;
			productName = TestDemo;
			productReference = 9D60245A23980021004798FF /* TestDemo.app */;
			productType = "com.apple.product-type.application";
		};
/* End PBXNativeTarget section */

/* Begin PBXProject section */
		9D60245223980021004798FF /* Project object */ = {
			isa = PBXProject;
			attributes = {
				LastUpgradeCheck = 1120;
				ORGANIZATIONNAME = zlmg;
				TargetAttributes = {
					9D60245923980021004798FF = {
						CreatedOnToolsVersion = 11.2;
					};
				};
			};
			buildConfigurationList = 9D60245523980021004798FF /* Build configuration list for PBXProject "TestDemo" */;
			compatibilityVersion = "Xcode 9.3";
			developmentRegion = en;
			hasScannedForEncodings = 0;
			knownRegions = (
				en,
				Base,
			);
			mainGroup = 9D60245123980021004798FF;
			productRefGroup = 9D60245B23980021004798FF /* Products */;
			projectDirPath = "";
			projectRoot = "";
			targets = (
				9D60245923980021004798FF /* TestDemo */,
			);
		};
/* End PBXProject section */

/* Begin PBXResourcesBuildPhase section */
		9D60245823980021004798FF /* Resources */ = {
			isa = PBXResourcesBuildPhase;
			buildActionMask = 2147483647;
			files = (
				9D60246D23980023004798FF /* LaunchScreen.storyboard in Resources */,
				9D60246A23980023004798FF /* Assets.xcassets in Resources */,
				9D60246823980021004798FF /* Main.storyboard in Resources */,
			);
			runOnlyForDeploymentPostprocessing = 0;
		};
/* End PBXResourcesBuildPhase section */

/* Begin PBXSourcesBuildPhase section */
		9D60245623980021004798FF /* Sources */ = {
			isa = PBXSourcesBuildPhase;
			buildActionMask = 2147483647;
			files = (
				9D60246523980021004798FF /* ViewController.m in Sources */,
				9D60245F23980021004798FF /* AppDelegate.m in Sources */,
				9D60247023980023004798FF /* main.m in Sources */,
				9D3360C1239D3BC7004A8876 /* LLDBTestViewController.m in Sources */,
				9D60246223980021004798FF /* SceneDelegate.m in Sources */,
				9D5B7BAC239E4EB9001469EB /* MMPersonModel.m in Sources */,
				9D5B7BA9239E3BCB001469EB /* LLDBViewController.m in Sources */,
			);
			runOnlyForDeploymentPostprocessing = 0;
		};
/* End PBXSourcesBuildPhase section */

/* Begin PBXVariantGroup section */
		9D60246623980021004798FF /* Main.storyboard */ = {
			isa = PBXVariantGroup;
			children = (
				9D60246723980021004798FF /* Base */,
			);
			name = Main.storyboard;
			sourceTree = "<group>";
		};
		9D60246B23980023004798FF /* LaunchScreen.storyboard */ = {
			isa = PBXVariantGroup;
			children = (
				9D60246C23980023004798FF /* Base */,
			);
			name = LaunchScreen.storyboard;
			sourceTree = "<group>";
		};
/* End PBXVariantGroup section */

/* Begin XCBuildConfiguration section */
		9D60247123980023004798FF /* Debug */ = {
			isa = XCBuildConfiguration;
			buildSettings = {
				ALWAYS_SEARCH_USER_PATHS = NO;
				CLANG_ANALYZER_NONNULL = YES;
				CLANG_ANALYZER_NUMBER_OBJECT_CONVERSION = YES_AGGRESSIVE;
				CLANG_CXX_LANGUAGE_STANDARD = "gnu++14";
				CLANG_CXX_LIBRARY = "libc++";
				CLANG_ENABLE_MODULES = YES;
				CLANG_ENABLE_OBJC_ARC = YES;
				CLANG_ENABLE_OBJC_WEAK = YES;
				CLANG_WARN_BLOCK_CAPTURE_AUTORELEASING = YES;
				CLANG_WARN_BOOL_CONVERSION = YES;
				CLANG_WARN_COMMA = YES;
				CLANG_WARN_CONSTANT_CONVERSION = YES;
				CLANG_WARN_DEPRECATED_OBJC_IMPLEMENTATIONS = YES;
				CLANG_WARN_DIRECT_OBJC_ISA_USAGE = YES_ERROR;
				CLANG_WARN_DOCUMENTATION_COMMENTS = YES;
				CLANG_WARN_EMPTY_BODY = YES;
				CLANG_WARN_ENUM_CONVERSION = YES;
				CLANG_WARN_INFINITE_RECURSION = YES;
				CLANG_WARN_INT_CONVERSION = YES;
				CLANG_WARN_NON_LITERAL_NULL_CONVERSION = YES;
				CLANG_WARN_OBJC_IMPLICIT_RETAIN_SELF = YES;
				CLANG_WARN_OBJC_LITERAL_CONVERSION = YES;
				CLANG_WARN_OBJC_ROOT_CLASS = YES_ERROR;
				CLANG_WARN_RANGE_LOOP_ANALYSIS = YES;
				CLANG_WARN_STRICT_PROTOTYPES = YES;
				CLANG_WARN_SUSPICIOUS_MOVE = YES;
				CLANG_WARN_UNGUARDED_AVAILABILITY = YES_AGGRESSIVE;
				CLANG_WARN_UNREACHABLE_CODE = YES;
				CLANG_WARN__DUPLICATE_METHOD_MATCH = YES;
				COPY_PHASE_STRIP = NO;
				DEBUG_INFORMATION_FORMAT = dwarf;
				ENABLE_STRICT_OBJC_MSGSEND = YES;
				ENABLE_TESTABILITY = YES;
				GCC_C_LANGUAGE_STANDARD = gnu11;
				GCC_DYNAMIC_NO_PIC = NO;
				GCC_NO_COMMON_BLOCKS = YES;
				GCC_OPTIMIZATION_LEVEL = 0;
				GCC_PREPROCESSOR_DEFINITIONS = (
					"DEBUG=1",
					"$(inherited)",
				);
				GCC_WARN_64_TO_32_BIT_CONVERSION = YES;
				GCC_WARN_ABOUT_RETURN_TYPE = YES_ERROR;
				GCC_WARN_UNDECLARED_SELECTOR = YES;
				GCC_WARN_UNINITIALIZED_AUTOS = YES_AGGRESSIVE;
				GCC_WARN_UNUSED_FUNCTION = YES;
				GCC_WARN_UNUSED_VARIABLE = YES;
				IPHONEOS_DEPLOYMENT_TARGET = 13.2;
				MTL_ENABLE_DEBUG_INFO = INCLUDE_SOURCE;
				MTL_FAST_MATH = YES;
				ONLY_ACTIVE_ARCH = YES;
				SDKROOT = iphoneos;
			};
			name = Debug;
		};
		9D60247223980023004798FF /* Release */ = {
			isa = XCBuildConfiguration;
			buildSettings = {
				ALWAYS_SEARCH_USER_PATHS = NO;
				CLANG_ANALYZER_NONNULL = YES;
				CLANG_ANALYZER_NUMBER_OBJECT_CONVERSION = YES_AGGRESSIVE;
				CLANG_CXX_LANGUAGE_STANDARD = "gnu++14";
				CLANG_CXX_LIBRARY = "libc++";
				CLANG_ENABLE_MODULES = YES;
				CLANG_ENABLE_OBJC_ARC = YES;
				CLANG_ENABLE_OBJC_WEAK = YES;
				CLANG_WARN_BLOCK_CAPTURE_AUTORELEASING = YES;
				CLANG_WARN_BOOL_CONVERSION = YES;
				CLANG_WARN_COMMA = YES;
				CLANG_WARN_CONSTANT_CONVERSION = YES;
				CLANG_WARN_DEPRECATED_OBJC_IMPLEMENTATIONS = YES;
				CLANG_WARN_DIRECT_OBJC_ISA_USAGE = YES_ERROR;
				CLANG_WARN_DOCUMENTATION_COMMENTS = YES;
				CLANG_WARN_EMPTY_BODY = YES;
				CLANG_WARN_ENUM_CONVERSION = YES;
				CLANG_WARN_INFINITE_RECURSION = YES;
				CLANG_WARN_INT_CONVERSION = YES;
				CLANG_WARN_NON_LITERAL_NULL_CONVERSION = YES;
				CLANG_WARN_OBJC_IMPLICIT_RETAIN_SELF = YES;
				CLANG_WARN_OBJC_LITERAL_CONVERSION = YES;
				CLANG_WARN_OBJC_ROOT_CLASS = YES_ERROR;
				CLANG_WARN_RANGE_LOOP_ANALYSIS = YES;
				CLANG_WARN_STRICT_PROTOTYPES = YES;
				CLANG_WARN_SUSPICIOUS_MOVE = YES;
				CLANG_WARN_UNGUARDED_AVAILABILITY = YES_AGGRESSIVE;
				CLANG_WARN_UNREACHABLE_CODE = YES;
				CLANG_WARN__DUPLICATE_METHOD_MATCH = YES;
				COPY_PHASE_STRIP = NO;
				DEBUG_INFORMATION_FORMAT = "dwarf-with-dsym";
				ENABLE_NS_ASSERTIONS = NO;
				ENABLE_STRICT_OBJC_MSGSEND = YES;
				GCC_C_LANGUAGE_STANDARD = gnu11;
				GCC_NO_COMMON_BLOCKS = YES;
				GCC_WARN_64_TO_32_BIT_CONVERSION = YES;
				GCC_WARN_ABOUT_RETURN_TYPE = YES_ERROR;
				GCC_WARN_UNDECLARED_SELECTOR = YES;
				GCC_WARN_UNINITIALIZED_AUTOS = YES_AGGRESSIVE;
				GCC_WARN_UNUSED_FUNCTION = YES;
				GCC_WARN_UNUSED_VARIABLE = YES;
				IPHONEOS_DEPLOYMENT_TARGET = 13.2;
				MTL_ENABLE_DEBUG_INFO = NO;
				MTL_FAST_MATH = YES;
				SDKROOT = iphoneos;
				VALIDATE_PRODUCT = YES;
			};
			name = Release;
		};
		9D60247423980023004798FF /* Debug */ = {
			isa = XCBuildConfiguration;
			buildSettings = {
				ASSETCATALOG_COMPILER_APPICON_NAME = AppIcon;
				CODE_SIGN_STYLE = Automatic;
				DEVELOPMENT_TEAM = L9D792DY9M;
				INFOPLIST_FILE = TestDemo/Info.plist;
				IPHONEOS_DEPLOYMENT_TARGET = 9.0;
				LD_RUNPATH_SEARCH_PATHS = (
					"$(inherited)",
					"@executable_path/Frameworks",
				);
				PRODUCT_BUNDLE_IDENTIFIER = com.zlmg.TestDemo;
				PRODUCT_NAME = "$(TARGET_NAME)";
				TARGETED_DEVICE_FAMILY = "1,2";
			};
			name = Debug;
		};
		9D60247523980023004798FF /* Release */ = {
			isa = XCBuildConfiguration;
			buildSettings = {
				ASSETCATALOG_COMPILER_APPICON_NAME = AppIcon;
				CODE_SIGN_STYLE = Automatic;
				DEVELOPMENT_TEAM = L9D792DY9M;
				INFOPLIST_FILE = TestDemo/Info.plist;
				IPHONEOS_DEPLOYMENT_TARGET = 9.0;
				LD_RUNPATH_SEARCH_PATHS = (
					"$(inherited)",
					"@executable_path/Frameworks",
				);
				PRODUCT_BUNDLE_IDENTIFIER = com.zlmg.TestDemo;
				PRODUCT_NAME = "$(TARGET_NAME)";
				TARGETED_DEVICE_FAMILY = "1,2";
			};
			name = Release;
		};
/* End XCBuildConfiguration section */

/* Begin XCConfigurationList section */
		9D60245523980021004798FF /* Build configuration list for PBXProject "TestDemo" */ = {
			isa = XCConfigurationList;
			buildConfigurations = (
				9D60247123980023004798FF /* Debug */,
				9D60247223980023004798FF /* Release */,
			);
			defaultConfigurationIsVisible = 0;
			defaultConfigurationName = Release;
		};
		9D60247323980023004798FF /* Build configuration list for PBXNativeTarget "TestDemo" */ = {
			isa = XCConfigurationList;
			buildConfigurations = (
				9D60247423980023004798FF /* Debug */,
				9D60247523980023004798FF /* Release */,
			);
			defaultConfigurationIsVisible = 0;
			defaultConfigurationName = Release;
		};
/* End XCConfigurationList section */
	};
	rootObject = 9D60245223980021004798FF /* Project object */;
}
